// !$*UTF8*$!
{
	archiveVersion = 1;
	classes = {
	};
	objectVersion = 46;
	objects = {

/* Begin PBXBuildFile section */
		D3BA1BDC1A1B83AE0057B095 /* main.m in Sources */ = {isa = PBXBuildFile; fileRef = D3BA1BDB1A1B83AE0057B095 /* main.m */; };
		D3BA1BDF1A1B83AE0057B095 /* AppDelegate.m in Sources */ = {isa = PBXBuildFile; fileRef = D3BA1BDE1A1B83AE0057B095 /* AppDelegate.m */; };
		D3BA1BE21A1B83AF0057B095 /* ViewController.m in Sources */ = {isa = PBXBuildFile; fileRef = D3BA1BE11A1B83AF0057B095 /* ViewController.m */; };
		D3BA1BE51A1B83AF0057B095 /* Main.storyboard in Resources */ = {isa = PBXBuildFile; fileRef = D3BA1BE31A1B83AF0057B095 /* Main.storyboard */; };
		D3BA1BE71A1B83AF0057B095 /* Images.xcassets in Resources */ = {isa = PBXBuildFile; fileRef = D3BA1BE61A1B83AF0057B095 /* Images.xcassets */; };
		D3BA1BEA1A1B83AF0057B095 /* LaunchScreen.xib in Resources */ = {isa = PBXBuildFile; fileRef = D3BA1BE81A1B83AF0057B095 /* LaunchScreen.xib */; };
		D3BA1BF61A1B83AF0057B095 /* PitchMatchPlusTests.m in Sources */ = {isa = PBXBuildFile; fileRef = D3BA1BF51A1B83AF0057B095 /* PitchMatchPlusTests.m */; };
/* End PBXBuildFile section */

/* Begin PBXContainerItemProxy section */
		D3BA1BF01A1B83AF0057B095 /* PBXContainerItemProxy */ = {
			isa = PBXContainerItemProxy;
			containerPortal = D3BA1BCE1A1B83AE0057B095 /* Project object */;
			proxyType = 1;
			remoteGlobalIDString = D3BA1BD51A1B83AE0057B095;
			remoteInfo = PitchMatchPlus;
		};
/* End PBXContainerItemProxy section */

/* Begin PBXFileReference section */
		D3BA1BD61A1B83AE0057B095 /* PitchMatchPlus.app */ = {isa = PBXFileReference; explicitFileType = wrapper.application; includeInIndex = 0; path = PitchMatchPlus.app; sourceTree = BUILT_PRODUCTS_DIR; };
		D3BA1BDA1A1B83AE0057B095 /* Info.plist */ = {isa = PBXFileReference; lastKnownFileType = text.plist.xml; path = Info.plist; sourceTree = "<group>"; };
		D3BA1BDB1A1B83AE0057B095 /* main.m */ = {isa = PBXFileReference; lastKnownFileType = sourcecode.c.objc; path = main.m; sourceTree = "<group>"; };
		D3BA1BDD1A1B83AE0057B095 /* AppDelegate.h */ = {isa = PBXFileReference; lastKnownFileType = sourcecode.c.h; path = AppDelegate.h; sourceTree = "<group>"; };
		D3BA1BDE1A1B83AE0057B095 /* AppDelegate.m */ = {isa = PBXFileReference; lastKnownFileType = sourcecode.c.objc; path = AppDelegate.m; sourceTree = "<group>"; };
		D3BA1BE01A1B83AF0057B095 /* ViewController.h */ = {isa = PBXFileReference; lastKnownFileType = sourcecode.c.h; path = ViewController.h; sourceTree = "<group>"; };
		D3BA1BE11A1B83AF0057B095 /* ViewController.m */ = {isa = PBXFileReference; lastKnownFileType = sourcecode.c.objc; path = ViewController.m; sourceTree = "<group>"; };
		D3BA1BE41A1B83AF0057B095 /* Base */ = {isa = PBXFileReference; lastKnownFileType = file.storyboard; name = Base; path = Base.lproj/Main.storyboard; sourceTree = "<group>"; };
		D3BA1BE61A1B83AF0057B095 /* Images.xcassets */ = {isa = PBXFileReference; lastKnownFileType = folder.assetcatalog; path = Images.xcassets; sourceTree = "<group>"; };
		D3BA1BE91A1B83AF0057B095 /* Base */ = {isa = PBXFileReference; lastKnownFileType = file.xib; name = Base; path = Base.lproj/LaunchScreen.xib; sourceTree = "<group>"; };
		D3BA1BEF1A1B83AF0057B095 /* PitchMatchPlusTests.xctest */ = {isa = PBXFileReference; explicitFileType = wrapper.cfbundle; includeInIndex = 0; path = PitchMatchPlusTests.xctest; sourceTree = BUILT_PRODUCTS_DIR; };
		D3BA1BF41A1B83AF0057B095 /* Info.plist */ = {isa = PBXFileReference; lastKnownFileType = text.plist.xml; path = Info.plist; sourceTree = "<group>"; };
		D3BA1BF51A1B83AF0057B095 /* PitchMatchPlusTests.m */ = {isa = PBXFileReference; lastKnownFileType = sourcecode.c.objc; path = PitchMatchPlusTests.m; sourceTree = "<group>"; };
/* End PBXFileReference section */

/* Begin PBXFrameworksBuildPhase section */
		D3BA1BD31A1B83AE0057B095 /* Frameworks */ = {
			isa = PBXFrameworksBuildPhase;
			buildActionMask = 2147483647;
			files = (
			);
			runOnlyForDeploymentPostprocessing = 0;
		};
		D3BA1BEC1A1B83AF0057B095 /* Frameworks */ = {
			isa = PBXFrameworksBuildPhase;
			buildActionMask = 2147483647;
			files = (
			);
			runOnlyForDeploymentPostprocessing = 0;
		};
/* End PBXFrameworksBuildPhase section */

/* Begin PBXGroup section */
		D3BA1BCD1A1B83AE0057B095 = {
			isa = PBXGroup;
			children = (
				D3BA1BD81A1B83AE0057B095 /* PitchMatchPlus */,
				D3BA1BF21A1B83AF0057B095 /* PitchMatchPlusTests */,
				D3BA1BD71A1B83AE0057B095 /* Products */,
			);
			sourceTree = "<group>";
		};
		D3BA1BD71A1B83AE0057B095 /* Products */ = {
			isa = PBXGroup;
			children = (
				D3BA1BD61A1B83AE0057B095 /* PitchMatchPlus.app */,
				D3BA1BEF1A1B83AF0057B095 /* PitchMatchPlusTests.xctest */,
			);
			name = Products;
			sourceTree = "<group>";
		};
		D3BA1BD81A1B83AE0057B095 /* PitchMatchPlus */ = {
			isa = PBXGroup;
			children = (
				D3BA1BDD1A1B83AE0057B095 /* AppDelegate.h */,
				D3BA1BDE1A1B83AE0057B095 /* AppDelegate.m */,
				D3BA1BE01A1B83AF0057B095 /* ViewController.h */,
				D3BA1BE11A1B83AF0057B095 /* ViewController.m */,
				D3BA1BE31A1B83AF0057B095 /* Main.storyboard */,
				D3BA1BE61A1B83AF0057B095 /* Images.xcassets */,
				D3BA1BE81A1B83AF0057B095 /* LaunchScreen.xib */,
				D3BA1BD91A1B83AE0057B095 /* Supporting Files */,
			);
			path = PitchMatchPlus;
			sourceTree = "<group>";
		};
		D3BA1BD91A1B83AE0057B095 /* Supporting Files */ = {
			isa = PBXGroup;
			children = (
				D3BA1BDA1A1B83AE0057B095 /* Info.plist */,
				D3BA1BDB1A1B83AE0057B095 /* main.m */,
			);
			name = "Supporting Files";
			sourceTree = "<group>";
		};
		D3BA1BF21A1B83AF0057B095 /* PitchMatchPlusTests */ = {
			isa = PBXGroup;
			children = (
				D3BA1BF51A1B83AF0057B095 /* PitchMatchPlusTests.m */,
				D3BA1BF31A1B83AF0057B095 /* Supporting Files */,
			);
			path = PitchMatchPlusTests;
			sourceTree = "<group>";
		};
		D3BA1BF31A1B83AF0057B095 /* Supporting Files */ = {
			isa = PBXGroup;
			children = (
				D3BA1BF41A1B83AF0057B095 /* Info.plist */,
			);
			name = "Supporting Files";
			sourceTree = "<group>";
		};
/* End PBXGroup section */

/* Begin PBXNativeTarget section */
		D3BA1BD51A1B83AE0057B095 /* PitchMatchPlus */ = {
			isa = PBXNativeTarget;
			buildConfigurationList = D3BA1BF91A1B83AF0057B095 /* Build configuration list for PBXNativeTarget "PitchMatchPlus" */;
			buildPhases = (
				D3BA1BD21A1B83AE0057B095 /* Sources */,
				D3BA1BD31A1B83AE0057B095 /* Frameworks */,
				D3BA1BD41A1B83AE0057B095 /* Resources */,
			);
			buildRules = (
			);
			dependencies = (
			);
			name = PitchMatchPlus;
			productName = PitchMatchPlus;
			productReference = D3BA1BD61A1B83AE0057B095 /* PitchMatchPlus.app */;
			productType = "com.apple.product-type.application";
		};
		D3BA1BEE1A1B83AF0057B095 /* PitchMatchPlusTests */ = {
			isa = PBXNativeTarget;
			buildConfigurationList = D3BA1BFC1A1B83AF0057B095 /* Build configuration list for PBXNativeTarget "PitchMatchPlusTests" */;
			buildPhases = (
				D3BA1BEB1A1B83AF0057B095 /* Sources */,
				D3BA1BEC1A1B83AF0057B095 /* Frameworks */,
				D3BA1BED1A1B83AF0057B095 /* Resources */,
			);
			buildRules = (
			);
			dependencies = (
				D3BA1BF11A1B83AF0057B095 /* PBXTargetDependency */,
			);
			name = PitchMatchPlusTests;
			productName = PitchMatchPlusTests;
			productReference = D3BA1BEF1A1B83AF0057B095 /* PitchMatchPlusTests.xctest */;
			productType = "com.apple.product-type.bundle.unit-test";
		};
/* End PBXNativeTarget section */

/* Begin PBXProject section */
		D3BA1BCE1A1B83AE0057B095 /* Project object */ = {
			isa = PBXProject;
			attributes = {
				LastUpgradeCheck = 0610;
				ORGANIZATIONNAME = KiwiTech;
				TargetAttributes = {
					D3BA1BD51A1B83AE0057B095 = {
						CreatedOnToolsVersion = 6.1;
					};
					D3BA1BEE1A1B83AF0057B095 = {
						CreatedOnToolsVersion = 6.1;
						TestTargetID = D3BA1BD51A1B83AE0057B095;
					};
				};
			};
			buildConfigurationList = D3BA1BD11A1B83AE0057B095 /* Build configuration list for PBXProject "PitchMatchPlus" */;
			compatibilityVersion = "Xcode 3.2";
			developmentRegion = English;
			hasScannedForEncodings = 0;
			knownRegions = (
				en,
				Base,
			);
			mainGroup = D3BA1BCD1A1B83AE0057B095;
			productRefGroup = D3BA1BD71A1B83AE0057B095 /* Products */;
			projectDirPath = "";
			projectRoot = "";
			targets = (
				D3BA1BD51A1B83AE0057B095 /* PitchMatchPlus */,
				D3BA1BEE1A1B83AF0057B095 /* PitchMatchPlusTests */,
			);
		};
/* End PBXProject section */

/* Begin PBXResourcesBuildPhase section */
		D3BA1BD41A1B83AE0057B095 /* Resources */ = {
			isa = PBXResourcesBuildPhase;
			buildActionMask = 2147483647;
			files = (
				D3BA1BE51A1B83AF0057B095 /* Main.storyboard in Resources */,
				D3BA1BEA1A1B83AF0057B095 /* LaunchScreen.xib in Resources */,
				D3BA1BE71A1B83AF0057B095 /* Images.xcassets in Resources */,
			);
			runOnlyForDeploymentPostprocessing = 0;
		};
		D3BA1BED1A1B83AF0057B095 /* Resources */ = {
			isa = PBXResourcesBuildPhase;
			buildActionMask = 2147483647;
			files = (
			);
			runOnlyForDeploymentPostprocessing = 0;
		};
/* End PBXResourcesBuildPhase section */

/* Begin PBXSourcesBuildPhase section */
		D3BA1BD21A1B83AE0057B095 /* Sources */ = {
			isa = PBXSourcesBuildPhase;
			buildActionMask = 2147483647;
			files = (
				D3BA1BE21A1B83AF0057B095 /* ViewController.m in Sources */,
				D3BA1BDF1A1B83AE0057B095 /* AppDelegate.m in Sources */,
				D3BA1BDC1A1B83AE0057B095 /* main.m in Sources */,
			);
			runOnlyForDeploymentPostprocessing = 0;
		};
		D3BA1BEB1A1B83AF0057B095 /* Sources */ = {
			isa = PBXSourcesBuildPhase;
			buildActionMask = 2147483647;
			files = (
				D3BA1BF61A1B83AF0057B095 /* PitchMatchPlusTests.m in Sources */,
			);
			runOnlyForDeploymentPostprocessing = 0;
		};
/* End PBXSourcesBuildPhase section */

/* Begin PBXTargetDependency section */
		D3BA1BF11A1B83AF0057B095 /* PBXTargetDependency */ = {
			isa = PBXTargetDependency;
			target = D3BA1BD51A1B83AE0057B095 /* PitchMatchPlus */;
			targetProxy = D3BA1BF01A1B83AF0057B095 /* PBXContainerItemProxy */;
		};
/* End PBXTargetDependency section */

/* Begin PBXVariantGroup section */
		D3BA1BE31A1B83AF0057B095 /* Main.storyboard */ = {
			isa = PBXVariantGroup;
			children = (
				D3BA1BE41A1B83AF0057B095 /* Base */,
			);
			name = Main.storyboard;
			sourceTree = "<group>";
		};
		D3BA1BE81A1B83AF0057B095 /* LaunchScreen.xib */ = {
			isa = PBXVariantGroup;
			children = (
				D3BA1BE91A1B83AF0057B095 /* Base */,
			);
			name = LaunchScreen.xib;
			sourceTree = "<group>";
		};
/* End PBXVariantGroup section */

/* Begin XCBuildConfiguration section */
		D3BA1BF71A1B83AF0057B095 /* Debug */ = {
			isa = XCBuildConfiguration;
			buildSettings = {
				ALWAYS_SEARCH_USER_PATHS = NO;
				CLANG_CXX_LANGUAGE_STANDARD = "gnu++0x";
				CLANG_CXX_LIBRARY = "libc++";
				CLANG_ENABLE_MODULES = YES;
				CLANG_ENABLE_OBJC_ARC = YES;
				CLANG_WARN_BOOL_CONVERSION = YES;
				CLANG_WARN_CONSTANT_CONVERSION = YES;
				CLANG_WARN_DIRECT_OBJC_ISA_USAGE = YES_ERROR;
				CLANG_WARN_EMPTY_BODY = YES;
				CLANG_WARN_ENUM_CONVERSION = YES;
				CLANG_WARN_INT_CONVERSION = YES;
				CLANG_WARN_OBJC_ROOT_CLASS = YES_ERROR;
				CLANG_WARN_UNREACHABLE_CODE = YES;
				CLANG_WARN__DUPLICATE_METHOD_MATCH = YES;
				"CODE_SIGN_IDENTITY[sdk=iphoneos*]" = "iPhone Distribution: KiwiTech, LLC";
				COPY_PHASE_STRIP = NO;
				ENABLE_STRICT_OBJC_MSGSEND = YES;
				GCC_C_LANGUAGE_STANDARD = gnu99;
				GCC_DYNAMIC_NO_PIC = NO;
				GCC_OPTIMIZATION_LEVEL = 0;
				GCC_PREPROCESSOR_DEFINITIONS = (
					"DEBUG=1",
					"$(inherited)",
				);
				GCC_SYMBOLS_PRIVATE_EXTERN = NO;
				GCC_WARN_64_TO_32_BIT_CONVERSION = YES;
				GCC_WARN_ABOUT_RETURN_TYPE = YES_ERROR;
				GCC_WARN_UNDECLARED_SELECTOR = YES;
				GCC_WARN_UNINITIALIZED_AUTOS = YES_AGGRESSIVE;
				GCC_WARN_UNUSED_FUNCTION = YES;
				GCC_WARN_UNUSED_VARIABLE = YES;
				IPHONEOS_DEPLOYMENT_TARGET = 7.0;
				MTL_ENABLE_DEBUG_INFO = YES;
				ONLY_ACTIVE_ARCH = YES;
				PROVISIONING_PROFILE = "5aee2ec6-f41f-41db-b61f-c3683b6faea7";
				SDKROOT = iphoneos;
				TARGETED_DEVICE_FAMILY = "1,2";
			};
			name = Debug;
		};
		D3BA1BF81A1B83AF0057B095 /* Release */ = {
			isa = XCBuildConfiguration;
			buildSettings = {
				ALWAYS_SEARCH_USER_PATHS = NO;
				CLANG_CXX_LANGUAGE_STANDARD = "gnu++0x";
				CLANG_CXX_LIBRARY = "libc++";
				CLANG_ENABLE_MODULES = YES;
				CLANG_ENABLE_OBJC_ARC = YES;
				CLANG_WARN_BOOL_CONVERSION = YES;
				CLANG_WARN_CONSTANT_CONVERSION = YES;
				CLANG_WARN_DIRECT_OBJC_ISA_USAGE = YES_ERROR;
				CLANG_WARN_EMPTY_BODY = YES;
				CLANG_WARN_ENUM_CONVERSION = YES;
				CLANG_WARN_INT_CONVERSION = YES;
				CLANG_WARN_OBJC_ROOT_CLASS = YES_ERROR;
				CLANG_WARN_UNREACHABLE_CODE = YES;
				CLANG_WARN__DUPLICATE_METHOD_MATCH = YES;
				"CODE_SIGN_IDENTITY[sdk=iphoneos*]" = "iPhone Distribution: KiwiTech, LLC";
				COPY_PHASE_STRIP = YES;
				ENABLE_NS_ASSERTIONS = NO;
				ENABLE_STRICT_OBJC_MSGSEND = YES;
				GCC_C_LANGUAGE_STANDARD = gnu99;
				GCC_WARN_64_TO_32_BIT_CONVERSION = YES;
				GCC_WARN_ABOUT_RETURN_TYPE = YES_ERROR;
				GCC_WARN_UNDECLARED_SELECTOR = YES;
				GCC_WARN_UNINITIALIZED_AUTOS = YES_AGGRESSIVE;
				GCC_WARN_UNUSED_FUNCTION = YES;
				GCC_WARN_UNUSED_VARIABLE = YES;
				IPHONEOS_DEPLOYMENT_TARGET = 7.0;
				MTL_ENABLE_DEBUG_INFO = NO;
				PROVISIONING_PROFILE = "5aee2ec6-f41f-41db-b61f-c3683b6faea7";
				SDKROOT = iphoneos;
				TARGETED_DEVICE_FAMILY = "1,2";
				VALIDATE_PRODUCT = YES;
			};
			name = Release;
		};
		D3BA1BFA1A1B83AF0057B095 /* Debug */ = {
			isa = XCBuildConfiguration;
			buildSettings = {
				ASSETCATALOG_COMPILER_APPICON_NAME = AppIcon;
				INFOPLIST_FILE = PitchMatchPlus/Info.plist;
				LD_RUNPATH_SEARCH_PATHS = "$(inherited) @executable_path/Frameworks";
				PRODUCT_NAME = "$(TARGET_NAME)";
			};
			name = Debug;
		};
		D3BA1BFB1A1B83AF0057B095 /* Release */ = {
			isa = XCBuildConfiguration;
			buildSettings = {
				ASSETCATALOG_COMPILER_APPICON_NAME = AppIcon;
				INFOPLIST_FILE = PitchMatchPlus/Info.plist;
				LD_RUNPATH_SEARCH_PATHS = "$(inherited) @executable_path/Frameworks";
				PRODUCT_NAME = "$(TARGET_NAME)";
			};
			name = Release;
		};
		D3BA1BFD1A1B83AF0057B095 /* Debug */ = {
			isa = XCBuildConfiguration;
			buildSettings = {
				BUNDLE_LOADER = "$(TEST_HOST)";
				FRAMEWORK_SEARCH_PATHS = (
					"$(SDKROOT)/Developer/Library/Frameworks",
					"$(inherited)",
				);
				GCC_PREPROCESSOR_DEFINITIONS = (
					"DEBUG=1",
					"$(inherited)",
				);
				INFOPLIST_FILE = PitchMatchPlusTests/Info.plist;
				LD_RUNPATH_SEARCH_PATHS = "$(inherited) @executable_path/Frameworks @loader_path/Frameworks";
				PRODUCT_NAME = "$(TARGET_NAME)";
				TEST_HOST = "$(BUILT_PRODUCTS_DIR)/PitchMatchPlus.app/PitchMatchPlus";
			};
			name = Debug;
		};
		D3BA1BFE1A1B83AF0057B095 /* Release */ = {
			isa = XCBuildConfiguration;
			buildSettings = {
				BUNDLE_LOADER = "$(TEST_HOST)";
				FRAMEWORK_SEARCH_PATHS = (
					"$(SDKROOT)/Developer/Library/Frameworks",
					"$(inherited)",
				);
				INFOPLIST_FILE = PitchMatchPlusTests/Info.plist;
				LD_RUNPATH_SEARCH_PATHS = "$(inherited) @executable_path/Frameworks @loader_path/Frameworks";
				PRODUCT_NAME = "$(TARGET_NAME)";
				TEST_HOST = "$(BUILT_PRODUCTS_DIR)/PitchMatchPlus.app/PitchMatchPlus";
			};
			name = Release;
		};
/* End XCBuildConfiguration section */

/* Begin XCConfigurationList section */
		D3BA1BD11A1B83AE0057B095 /* Build configuration list for PBXProject "PitchMatchPlus" */ = {
			isa = XCConfigurationList;
			buildConfigurations = (
				D3BA1BF71A1B83AF0057B095 /* Debug */,
				D3BA1BF81A1B83AF0057B095 /* Release */,
			);
			defaultConfigurationIsVisible = 0;
			defaultConfigurationName = Release;
		};
		D3BA1BF91A1B83AF0057B095 /* Build configuration list for PBXNativeTarget "PitchMatchPlus" */ = {
			isa = XCConfigurationList;
			buildConfigurations = (
				D3BA1BFA1A1B83AF0057B095 /* Debug */,
				D3BA1BFB1A1B83AF0057B095 /* Release */,
			);
			defaultConfigurationIsVisible = 0;
			defaultConfigurationName = Release;
		};
		D3BA1BFC1A1B83AF0057B095 /* Build configuration list for PBXNativeTarget "PitchMatchPlusTests" */ = {
			isa = XCConfigurationList;
			buildConfigurations = (
				D3BA1BFD1A1B83AF0057B095 /* Debug */,
				D3BA1BFE1A1B83AF0057B095 /* Release */,
			);
			defaultConfigurationIsVisible = 0;
			defaultConfigurationName = Release;
		};
/* End XCConfigurationList section */
	};
	rootObject = D3BA1BCE1A1B83AE0057B095 /* Project object */;
}
